// !$*UTF8*$!
{
	archiveVersion = 1;
	classes = {
	};
	objectVersion = 51;
	objects = {

/* Begin PBXBuildFile section */
		7536F6C75E7E7FC212D9E0AF /* Pods_NIBM_COVID19.framework in Frameworks */ = {isa = PBXBuildFile; fileRef = E8CAE2FB7CCA7231A7C3ED25 /* Pods_NIBM_COVID19.framework */; };
		8EC3F5DB0771368C723F8680 /* Pods_NIBM_COVID19_NIBM_COVID19UITests.framework in Frameworks */ = {isa = PBXBuildFile; fileRef = 8637B49096469AB8BDC1CFB0 /* Pods_NIBM_COVID19_NIBM_COVID19UITests.framework */; };
		E343EDBC251223C900EF683E /* Service.swift in Sources */ = {isa = PBXBuildFile; fileRef = E343EDBB251223C900EF683E /* Service.swift */; };
		E343EDBE2512242600EF683E /* User.swift in Sources */ = {isa = PBXBuildFile; fileRef = E343EDBD2512242600EF683E /* User.swift */; };
		E343EDC02512246600EF683E /* LocationHandler.swift in Sources */ = {isa = PBXBuildFile; fileRef = E343EDBF2512246600EF683E /* LocationHandler.swift */; };
		E343EDC225125B9C00EF683E /* LocationInputView.swift in Sources */ = {isa = PBXBuildFile; fileRef = E343EDC125125B9C00EF683E /* LocationInputView.swift */; };
		E343EDC82512664C00EF683E /* LocationInputActivationUIView.swift in Sources */ = {isa = PBXBuildFile; fileRef = E343EDC72512664C00EF683E /* LocationInputActivationUIView.swift */; };
		E343EDCC2512691B00EF683E /* UserAnnotation.swift in Sources */ = {isa = PBXBuildFile; fileRef = E343EDCB2512691B00EF683E /* UserAnnotation.swift */; };
		E343EDCE25127D0000EF683E /* LocationTableViewCell.swift in Sources */ = {isa = PBXBuildFile; fileRef = E343EDCD25127D0000EF683E /* LocationTableViewCell.swift */; };
		E345B8222510833A00BC5C00 /* DSafeActionViewController.swift in Sources */ = {isa = PBXBuildFile; fileRef = E345B8212510833A00BC5C00 /* DSafeActionViewController.swift */; };
		E345B8242510836300BC5C00 /* ESafeActionViewController.swift in Sources */ = {isa = PBXBuildFile; fileRef = E345B8232510836300BC5C00 /* ESafeActionViewController.swift */; };
		E345B8262510837D00BC5C00 /* FSafeActionViewController.swift in Sources */ = {isa = PBXBuildFile; fileRef = E345B8252510837D00BC5C00 /* FSafeActionViewController.swift */; };
		E345B8282510839700BC5C00 /* GSafeActionViewController.swift in Sources */ = {isa = PBXBuildFile; fileRef = E345B8272510839700BC5C00 /* GSafeActionViewController.swift */; };
		E345B82A251083E000BC5C00 /* BSurveyViewController.swift in Sources */ = {isa = PBXBuildFile; fileRef = E345B829251083E000BC5C00 /* BSurveyViewController.swift */; };
		E345B82C2510843000BC5C00 /* CSurveyViewController.swift in Sources */ = {isa = PBXBuildFile; fileRef = E345B82B2510843000BC5C00 /* CSurveyViewController.swift */; };
		E345B82E2510845C00BC5C00 /* DSurveyViewController.swift in Sources */ = {isa = PBXBuildFile; fileRef = E345B82D2510845C00BC5C00 /* DSurveyViewController.swift */; };
		E345B832251095B700BC5C00 /* MapViewController.swift in Sources */ = {isa = PBXBuildFile; fileRef = E345B831251095B700BC5C00 /* MapViewController.swift */; };
		E346416B250BDF2100B4A548 /* signUpViewController.swift in Sources */ = {isa = PBXBuildFile; fileRef = E346416A250BDF2100B4A548 /* signUpViewController.swift */; };
		E346416D250BE19800B4A548 /* loginViewController.swift in Sources */ = {isa = PBXBuildFile; fileRef = E346416C250BE19800B4A548 /* loginViewController.swift */; };
		E346DEAC250E6CC700CDFBBF /* notificationViewController.swift in Sources */ = {isa = PBXBuildFile; fileRef = E346DEAB250E6CC700CDFBBF /* notificationViewController.swift */; };
		E346DEAE250E8C6E00CDFBBF /* updateViewController.swift in Sources */ = {isa = PBXBuildFile; fileRef = E346DEAD250E8C6E00CDFBBF /* updateViewController.swift */; };
		E348F22C250CA88C00E9C589 /* AuthButtonUIButton.swift in Sources */ = {isa = PBXBuildFile; fileRef = E348F22B250CA88C00E9C589 /* AuthButtonUIButton.swift */; };
		E348F22E250CEAFF00E9C589 /* homeViewController.swift in Sources */ = {isa = PBXBuildFile; fileRef = E348F22D250CEAFF00E9C589 /* homeViewController.swift */; };
		E35598D6250F9BC700DBB85D /* profileViewController.swift in Sources */ = {isa = PBXBuildFile; fileRef = E35598D5250F9BC700DBB85D /* profileViewController.swift */; };
		E35598D8250F9BED00DBB85D /* contactUsViewController.swift in Sources */ = {isa = PBXBuildFile; fileRef = E35598D7250F9BED00DBB85D /* contactUsViewController.swift */; };
		E35598DA250F9C0900DBB85D /* shareViewController.swift in Sources */ = {isa = PBXBuildFile; fileRef = E35598D9250F9C0900DBB85D /* shareViewController.swift */; };
		E35598DE250FEB2200DBB85D /* createNotificationViewController.swift in Sources */ = {isa = PBXBuildFile; fileRef = E35598DD250FEB2200DBB85D /* createNotificationViewController.swift */; };
		E35598E4250FF47500DBB85D /* ASurveyViewController.swift in Sources */ = {isa = PBXBuildFile; fileRef = E35598E3250FF47500DBB85D /* ASurveyViewController.swift */; };
		E35598E6250FF4EE00DBB85D /* ASafeActionViewController.swift in Sources */ = {isa = PBXBuildFile; fileRef = E35598E5250FF4EE00DBB85D /* ASafeActionViewController.swift */; };
		E35598E8250FF86800DBB85D /* BSafeActionViewController.swift in Sources */ = {isa = PBXBuildFile; fileRef = E35598E7250FF86800DBB85D /* BSafeActionViewController.swift */; };
		E35598EA2510012A00DBB85D /* CSafeActionViewController.swift in Sources */ = {isa = PBXBuildFile; fileRef = E35598E92510012A00DBB85D /* CSafeActionViewController.swift */; };
		E37A08BF2507E902005844A6 /* Extensions.swift in Sources */ = {isa = PBXBuildFile; fileRef = E37A08BE2507E902005844A6 /* Extensions.swift */; };
		E39FE19524FA1C620042C1AA /* AppDelegate.swift in Sources */ = {isa = PBXBuildFile; fileRef = E39FE19424FA1C620042C1AA /* AppDelegate.swift */; };
		E39FE19E24FA1C620042C1AA /* Assets.xcassets in Resources */ = {isa = PBXBuildFile; fileRef = E39FE19D24FA1C620042C1AA /* Assets.xcassets */; };
		E39FE1A124FA1C620042C1AA /* LaunchScreen.storyboard in Resources */ = {isa = PBXBuildFile; fileRef = E39FE19F24FA1C620042C1AA /* LaunchScreen.storyboard */; };
		E39FE1AC24FA1C630042C1AA /* NIBM_COVID19Tests.swift in Sources */ = {isa = PBXBuildFile; fileRef = E39FE1AB24FA1C630042C1AA /* NIBM_COVID19Tests.swift */; };
		E39FE1B724FA1C630042C1AA /* NIBM_COVID19UITests.swift in Sources */ = {isa = PBXBuildFile; fileRef = E39FE1B624FA1C630042C1AA /* NIBM_COVID19UITests.swift */; };
		E39FE1C524FA34B10042C1AA /* GoogleService-Info.plist in Resources */ = {isa = PBXBuildFile; fileRef = E39FE1C424FA34B10042C1AA /* GoogleService-Info.plist */; };
		E3A02EE7250DEB1C006A8261 /* settingViewController.swift in Sources */ = {isa = PBXBuildFile; fileRef = E3A02EE6250DEB1C006A8261 /* settingViewController.swift */; };
		FA6CADF61E76446ACE71E5EA /* Pods_NIBM_COVID19Tests.framework in Frameworks */ = {isa = PBXBuildFile; fileRef = 682AEEBB619C356268E1E334 /* Pods_NIBM_COVID19Tests.framework */; };
/* End PBXBuildFile section */

/* Begin PBXContainerItemProxy section */
		E39FE1A824FA1C630042C1AA /* PBXContainerItemProxy */ = {
			isa = PBXContainerItemProxy;
			containerPortal = E39FE18924FA1C610042C1AA /* Project object */;
			proxyType = 1;
			remoteGlobalIDString = E39FE19024FA1C620042C1AA;
			remoteInfo = "NIBM COVID19";
		};
		E39FE1B324FA1C630042C1AA /* PBXContainerItemProxy */ = {
			isa = PBXContainerItemProxy;
			containerPortal = E39FE18924FA1C610042C1AA /* Project object */;
			proxyType = 1;
			remoteGlobalIDString = E39FE19024FA1C620042C1AA;
			remoteInfo = "NIBM COVID19";
		};
/* End PBXContainerItemProxy section */

/* Begin PBXFileReference section */
		3763ECD24EA6D32F1892C73A /* Pods-NIBM COVID19.release.xcconfig */ = {isa = PBXFileReference; includeInIndex = 1; lastKnownFileType = text.xcconfig; name = "Pods-NIBM COVID19.release.xcconfig"; path = "Target Support Files/Pods-NIBM COVID19/Pods-NIBM COVID19.release.xcconfig"; sourceTree = "<group>"; };
		391309DD95720ED3F134FD97 /* Pods-NIBM COVID19Tests.release.xcconfig */ = {isa = PBXFileReference; includeInIndex = 1; lastKnownFileType = text.xcconfig; name = "Pods-NIBM COVID19Tests.release.xcconfig"; path = "Target Support Files/Pods-NIBM COVID19Tests/Pods-NIBM COVID19Tests.release.xcconfig"; sourceTree = "<group>"; };
		59AC7A038F21EE63101D3540 /* Pods-NIBM COVID19-NIBM COVID19UITests.debug.xcconfig */ = {isa = PBXFileReference; includeInIndex = 1; lastKnownFileType = text.xcconfig; name = "Pods-NIBM COVID19-NIBM COVID19UITests.debug.xcconfig"; path = "Target Support Files/Pods-NIBM COVID19-NIBM COVID19UITests/Pods-NIBM COVID19-NIBM COVID19UITests.debug.xcconfig"; sourceTree = "<group>"; };
		682AEEBB619C356268E1E334 /* Pods_NIBM_COVID19Tests.framework */ = {isa = PBXFileReference; explicitFileType = wrapper.framework; includeInIndex = 0; path = Pods_NIBM_COVID19Tests.framework; sourceTree = BUILT_PRODUCTS_DIR; };
		8637B49096469AB8BDC1CFB0 /* Pods_NIBM_COVID19_NIBM_COVID19UITests.framework */ = {isa = PBXFileReference; explicitFileType = wrapper.framework; includeInIndex = 0; path = Pods_NIBM_COVID19_NIBM_COVID19UITests.framework; sourceTree = BUILT_PRODUCTS_DIR; };
		A2D1835A6AB0AAF84F9FFCE0 /* Pods-NIBM COVID19Tests.debug.xcconfig */ = {isa = PBXFileReference; includeInIndex = 1; lastKnownFileType = text.xcconfig; name = "Pods-NIBM COVID19Tests.debug.xcconfig"; path = "Target Support Files/Pods-NIBM COVID19Tests/Pods-NIBM COVID19Tests.debug.xcconfig"; sourceTree = "<group>"; };
		B847C628C35D2A2DF855DF2B /* Pods-NIBM COVID19.debug.xcconfig */ = {isa = PBXFileReference; includeInIndex = 1; lastKnownFileType = text.xcconfig; name = "Pods-NIBM COVID19.debug.xcconfig"; path = "Target Support Files/Pods-NIBM COVID19/Pods-NIBM COVID19.debug.xcconfig"; sourceTree = "<group>"; };
		E343EDBB251223C900EF683E /* Service.swift */ = {isa = PBXFileReference; fileEncoding = 4; lastKnownFileType = sourcecode.swift; path = Service.swift; sourceTree = "<group>"; };
		E343EDBD2512242600EF683E /* User.swift */ = {isa = PBXFileReference; fileEncoding = 4; lastKnownFileType = sourcecode.swift; path = User.swift; sourceTree = "<group>"; };
		E343EDBF2512246600EF683E /* LocationHandler.swift */ = {isa = PBXFileReference; fileEncoding = 4; lastKnownFileType = sourcecode.swift; path = LocationHandler.swift; sourceTree = "<group>"; };
		E343EDC125125B9C00EF683E /* LocationInputView.swift */ = {isa = PBXFileReference; fileEncoding = 4; lastKnownFileType = sourcecode.swift; path = LocationInputView.swift; sourceTree = "<group>"; };
		E343EDC72512664C00EF683E /* LocationInputActivationUIView.swift */ = {isa = PBXFileReference; fileEncoding = 4; lastKnownFileType = sourcecode.swift; path = LocationInputActivationUIView.swift; sourceTree = "<group>"; };
		E343EDCB2512691B00EF683E /* UserAnnotation.swift */ = {isa = PBXFileReference; lastKnownFileType = sourcecode.swift; path = UserAnnotation.swift; sourceTree = "<group>"; };
		E343EDCD25127D0000EF683E /* LocationTableViewCell.swift */ = {isa = PBXFileReference; fileEncoding = 4; lastKnownFileType = sourcecode.swift; path = LocationTableViewCell.swift; sourceTree = "<group>"; };
		E345B8212510833A00BC5C00 /* DSafeActionViewController.swift */ = {isa = PBXFileReference; lastKnownFileType = sourcecode.swift; path = DSafeActionViewController.swift; sourceTree = "<group>"; };
		E345B8232510836300BC5C00 /* ESafeActionViewController.swift */ = {isa = PBXFileReference; lastKnownFileType = sourcecode.swift; path = ESafeActionViewController.swift; sourceTree = "<group>"; };
		E345B8252510837D00BC5C00 /* FSafeActionViewController.swift */ = {isa = PBXFileReference; lastKnownFileType = sourcecode.swift; path = FSafeActionViewController.swift; sourceTree = "<group>"; };
		E345B8272510839700BC5C00 /* GSafeActionViewController.swift */ = {isa = PBXFileReference; lastKnownFileType = sourcecode.swift; path = GSafeActionViewController.swift; sourceTree = "<group>"; };
		E345B829251083E000BC5C00 /* BSurveyViewController.swift */ = {isa = PBXFileReference; lastKnownFileType = sourcecode.swift; path = BSurveyViewController.swift; sourceTree = "<group>"; };
		E345B82B2510843000BC5C00 /* CSurveyViewController.swift */ = {isa = PBXFileReference; lastKnownFileType = sourcecode.swift; path = CSurveyViewController.swift; sourceTree = "<group>"; };
		E345B82D2510845C00BC5C00 /* DSurveyViewController.swift */ = {isa = PBXFileReference; lastKnownFileType = sourcecode.swift; path = DSurveyViewController.swift; sourceTree = "<group>"; };
		E345B831251095B700BC5C00 /* MapViewController.swift */ = {isa = PBXFileReference; lastKnownFileType = sourcecode.swift; path = MapViewController.swift; sourceTree = "<group>"; };
		E346416A250BDF2100B4A548 /* signUpViewController.swift */ = {isa = PBXFileReference; lastKnownFileType = sourcecode.swift; path = signUpViewController.swift; sourceTree = "<group>"; };
		E346416C250BE19800B4A548 /* loginViewController.swift */ = {isa = PBXFileReference; lastKnownFileType = sourcecode.swift; path = loginViewController.swift; sourceTree = "<group>"; };
		E346DEAB250E6CC700CDFBBF /* notificationViewController.swift */ = {isa = PBXFileReference; lastKnownFileType = sourcecode.swift; path = notificationViewController.swift; sourceTree = "<group>"; };
		E346DEAD250E8C6E00CDFBBF /* updateViewController.swift */ = {isa = PBXFileReference; lastKnownFileType = sourcecode.swift; path = updateViewController.swift; sourceTree = "<group>"; };
		E348F22B250CA88C00E9C589 /* AuthButtonUIButton.swift */ = {isa = PBXFileReference; lastKnownFileType = sourcecode.swift; path = AuthButtonUIButton.swift; sourceTree = "<group>"; };
		E348F22D250CEAFF00E9C589 /* homeViewController.swift */ = {isa = PBXFileReference; lastKnownFileType = sourcecode.swift; path = homeViewController.swift; sourceTree = "<group>"; };
		E35598D5250F9BC700DBB85D /* profileViewController.swift */ = {isa = PBXFileReference; lastKnownFileType = sourcecode.swift; path = profileViewController.swift; sourceTree = "<group>"; };
		E35598D7250F9BED00DBB85D /* contactUsViewController.swift */ = {isa = PBXFileReference; lastKnownFileType = sourcecode.swift; path = contactUsViewController.swift; sourceTree = "<group>"; };
		E35598D9250F9C0900DBB85D /* shareViewController.swift */ = {isa = PBXFileReference; lastKnownFileType = sourcecode.swift; path = shareViewController.swift; sourceTree = "<group>"; };
		E35598DD250FEB2200DBB85D /* createNotificationViewController.swift */ = {isa = PBXFileReference; lastKnownFileType = sourcecode.swift; path = createNotificationViewController.swift; sourceTree = "<group>"; };
		E35598E3250FF47500DBB85D /* ASurveyViewController.swift */ = {isa = PBXFileReference; lastKnownFileType = sourcecode.swift; path = ASurveyViewController.swift; sourceTree = "<group>"; };
		E35598E5250FF4EE00DBB85D /* ASafeActionViewController.swift */ = {isa = PBXFileReference; lastKnownFileType = sourcecode.swift; path = ASafeActionViewController.swift; sourceTree = "<group>"; };
		E35598E7250FF86800DBB85D /* BSafeActionViewController.swift */ = {isa = PBXFileReference; lastKnownFileType = sourcecode.swift; path = BSafeActionViewController.swift; sourceTree = "<group>"; };
		E35598E92510012A00DBB85D /* CSafeActionViewController.swift */ = {isa = PBXFileReference; lastKnownFileType = sourcecode.swift; path = CSafeActionViewController.swift; sourceTree = "<group>"; };
		E37A08BE2507E902005844A6 /* Extensions.swift */ = {isa = PBXFileReference; lastKnownFileType = sourcecode.swift; path = Extensions.swift; sourceTree = "<group>"; };
		E39FE19124FA1C620042C1AA /* NIBM COVID19.app */ = {isa = PBXFileReference; explicitFileType = wrapper.application; includeInIndex = 0; path = "NIBM COVID19.app"; sourceTree = BUILT_PRODUCTS_DIR; };
		E39FE19424FA1C620042C1AA /* AppDelegate.swift */ = {isa = PBXFileReference; lastKnownFileType = sourcecode.swift; path = AppDelegate.swift; sourceTree = "<group>"; };
		E39FE19D24FA1C620042C1AA /* Assets.xcassets */ = {isa = PBXFileReference; lastKnownFileType = folder.assetcatalog; path = Assets.xcassets; sourceTree = "<group>"; };
		E39FE1A024FA1C620042C1AA /* Base */ = {isa = PBXFileReference; lastKnownFileType = file.storyboard; name = Base; path = Base.lproj/LaunchScreen.storyboard; sourceTree = "<group>"; };
		E39FE1A224FA1C620042C1AA /* Info.plist */ = {isa = PBXFileReference; lastKnownFileType = text.plist.xml; path = Info.plist; sourceTree = "<group>"; };
		E39FE1A724FA1C630042C1AA /* NIBM COVID19Tests.xctest */ = {isa = PBXFileReference; explicitFileType = wrapper.cfbundle; includeInIndex = 0; path = "NIBM COVID19Tests.xctest"; sourceTree = BUILT_PRODUCTS_DIR; };
		E39FE1AB24FA1C630042C1AA /* NIBM_COVID19Tests.swift */ = {isa = PBXFileReference; lastKnownFileType = sourcecode.swift; path = NIBM_COVID19Tests.swift; sourceTree = "<group>"; };
		E39FE1AD24FA1C630042C1AA /* Info.plist */ = {isa = PBXFileReference; lastKnownFileType = text.plist.xml; path = Info.plist; sourceTree = "<group>"; };
		E39FE1B224FA1C630042C1AA /* NIBM COVID19UITests.xctest */ = {isa = PBXFileReference; explicitFileType = wrapper.cfbundle; includeInIndex = 0; path = "NIBM COVID19UITests.xctest"; sourceTree = BUILT_PRODUCTS_DIR; };
		E39FE1B624FA1C630042C1AA /* NIBM_COVID19UITests.swift */ = {isa = PBXFileReference; lastKnownFileType = sourcecode.swift; path = NIBM_COVID19UITests.swift; sourceTree = "<group>"; };
		E39FE1B824FA1C630042C1AA /* Info.plist */ = {isa = PBXFileReference; lastKnownFileType = text.plist.xml; path = Info.plist; sourceTree = "<group>"; };
		E39FE1C424FA34B10042C1AA /* GoogleService-Info.plist */ = {isa = PBXFileReference; fileEncoding = 4; lastKnownFileType = text.plist.xml; path = "GoogleService-Info.plist"; sourceTree = "<group>"; };
		E3A02EE6250DEB1C006A8261 /* settingViewController.swift */ = {isa = PBXFileReference; lastKnownFileType = sourcecode.swift; path = settingViewController.swift; sourceTree = "<group>"; };
		E8CAE2FB7CCA7231A7C3ED25 /* Pods_NIBM_COVID19.framework */ = {isa = PBXFileReference; explicitFileType = wrapper.framework; includeInIndex = 0; path = Pods_NIBM_COVID19.framework; sourceTree = BUILT_PRODUCTS_DIR; };
		F86CA8BD2845DDF6F0727644 /* Pods-NIBM COVID19-NIBM COVID19UITests.release.xcconfig */ = {isa = PBXFileReference; includeInIndex = 1; lastKnownFileType = text.xcconfig; name = "Pods-NIBM COVID19-NIBM COVID19UITests.release.xcconfig"; path = "Target Support Files/Pods-NIBM COVID19-NIBM COVID19UITests/Pods-NIBM COVID19-NIBM COVID19UITests.release.xcconfig"; sourceTree = "<group>"; };
/* End PBXFileReference section */

/* Begin PBXFrameworksBuildPhase section */
		E39FE18E24FA1C620042C1AA /* Frameworks */ = {
			isa = PBXFrameworksBuildPhase;
			buildActionMask = 2147483647;
			files = (
				7536F6C75E7E7FC212D9E0AF /* Pods_NIBM_COVID19.framework in Frameworks */,
			);
			runOnlyForDeploymentPostprocessing = 0;
		};
		E39FE1A424FA1C630042C1AA /* Frameworks */ = {
			isa = PBXFrameworksBuildPhase;
			buildActionMask = 2147483647;
			files = (
				FA6CADF61E76446ACE71E5EA /* Pods_NIBM_COVID19Tests.framework in Frameworks */,
			);
			runOnlyForDeploymentPostprocessing = 0;
		};
		E39FE1AF24FA1C630042C1AA /* Frameworks */ = {
			isa = PBXFrameworksBuildPhase;
			buildActionMask = 2147483647;
			files = (
				8EC3F5DB0771368C723F8680 /* Pods_NIBM_COVID19_NIBM_COVID19UITests.framework in Frameworks */,
			);
			runOnlyForDeploymentPostprocessing = 0;
		};
/* End PBXFrameworksBuildPhase section */

/* Begin PBXGroup section */
		AB5A8D448AFF12F553BC6DD4 /* Frameworks */ = {
			isa = PBXGroup;
			children = (
				E8CAE2FB7CCA7231A7C3ED25 /* Pods_NIBM_COVID19.framework */,
				8637B49096469AB8BDC1CFB0 /* Pods_NIBM_COVID19_NIBM_COVID19UITests.framework */,
				682AEEBB619C356268E1E334 /* Pods_NIBM_COVID19Tests.framework */,
			);
			name = Frameworks;
			sourceTree = "<group>";
		};
		B1CAF64011C7F2DA05D93BFA /* Pods */ = {
			isa = PBXGroup;
			children = (
				B847C628C35D2A2DF855DF2B /* Pods-NIBM COVID19.debug.xcconfig */,
				3763ECD24EA6D32F1892C73A /* Pods-NIBM COVID19.release.xcconfig */,
				59AC7A038F21EE63101D3540 /* Pods-NIBM COVID19-NIBM COVID19UITests.debug.xcconfig */,
				F86CA8BD2845DDF6F0727644 /* Pods-NIBM COVID19-NIBM COVID19UITests.release.xcconfig */,
				A2D1835A6AB0AAF84F9FFCE0 /* Pods-NIBM COVID19Tests.debug.xcconfig */,
				391309DD95720ED3F134FD97 /* Pods-NIBM COVID19Tests.release.xcconfig */,
			);
			path = Pods;
			sourceTree = "<group>";
		};
		E37A08B72507E0A9005844A6 /* Controllers */ = {
			isa = PBXGroup;
			children = (
				E346416C250BE19800B4A548 /* loginViewController.swift */,
				E346416A250BDF2100B4A548 /* signUpViewController.swift */,
				E348F22D250CEAFF00E9C589 /* homeViewController.swift */,
				E3A02EE6250DEB1C006A8261 /* settingViewController.swift */,
				E346DEAB250E6CC700CDFBBF /* notificationViewController.swift */,
				E346DEAD250E8C6E00CDFBBF /* updateViewController.swift */,
				E35598D5250F9BC700DBB85D /* profileViewController.swift */,
				E35598D7250F9BED00DBB85D /* contactUsViewController.swift */,
				E35598D9250F9C0900DBB85D /* shareViewController.swift */,
				E35598DD250FEB2200DBB85D /* createNotificationViewController.swift */,
				E35598E3250FF47500DBB85D /* ASurveyViewController.swift */,
				E345B829251083E000BC5C00 /* BSurveyViewController.swift */,
				E345B82B2510843000BC5C00 /* CSurveyViewController.swift */,
				E345B82D2510845C00BC5C00 /* DSurveyViewController.swift */,
				E35598E5250FF4EE00DBB85D /* ASafeActionViewController.swift */,
				E35598E7250FF86800DBB85D /* BSafeActionViewController.swift */,
				E35598E92510012A00DBB85D /* CSafeActionViewController.swift */,
				E345B8212510833A00BC5C00 /* DSafeActionViewController.swift */,
				E345B8232510836300BC5C00 /* ESafeActionViewController.swift */,
				E345B8252510837D00BC5C00 /* FSafeActionViewController.swift */,
				E345B8272510839700BC5C00 /* GSafeActionViewController.swift */,
				E345B831251095B700BC5C00 /* MapViewController.swift */,
			);
			path = Controllers;
			sourceTree = "<group>";
		};
		E37A08B82507E0B7005844A6 /* Model */ = {
			isa = PBXGroup;
			children = (
				E343EDBD2512242600EF683E /* User.swift */,
				E343EDCB2512691B00EF683E /* UserAnnotation.swift */,
			);
			path = Model;
			sourceTree = "<group>";
		};
		E37A08B92507E0C6005844A6 /* Views */ = {
			isa = PBXGroup;
			children = (
				E343EDC125125B9C00EF683E /* LocationInputView.swift */,
				E348F22B250CA88C00E9C589 /* AuthButtonUIButton.swift */,
				E343EDCD25127D0000EF683E /* LocationTableViewCell.swift */,
				E343EDC72512664C00EF683E /* LocationInputActivationUIView.swift */,
			);
			path = Views;
			sourceTree = "<group>";
		};
		E37A08BA2507E0CD005844A6 /* Services */ = {
			isa = PBXGroup;
			children = (
				E343EDBB251223C900EF683E /* Service.swift */,
			);
			path = Services;
			sourceTree = "<group>";
		};
		E37A08BB2507E0E0005844A6 /* Utils */ = {
			isa = PBXGroup;
			children = (
				E37A08BE2507E902005844A6 /* Extensions.swift */,
				E343EDBF2512246600EF683E /* LocationHandler.swift */,
			);
			path = Utils;
			sourceTree = "<group>";
		};
		E39FE18824FA1C610042C1AA = {
			isa = PBXGroup;
			children = (
				E39FE19324FA1C620042C1AA /* NIBM COVID19 */,
				E39FE1AA24FA1C630042C1AA /* NIBM COVID19Tests */,
				E39FE1B524FA1C630042C1AA /* NIBM COVID19UITests */,
				E39FE19224FA1C620042C1AA /* Products */,
				B1CAF64011C7F2DA05D93BFA /* Pods */,
				AB5A8D448AFF12F553BC6DD4 /* Frameworks */,
			);
			sourceTree = "<group>";
		};
		E39FE19224FA1C620042C1AA /* Products */ = {
			isa = PBXGroup;
			children = (
				E39FE19124FA1C620042C1AA /* NIBM COVID19.app */,
				E39FE1A724FA1C630042C1AA /* NIBM COVID19Tests.xctest */,
				E39FE1B224FA1C630042C1AA /* NIBM COVID19UITests.xctest */,
			);
			name = Products;
			sourceTree = "<group>";
		};
		E39FE19324FA1C620042C1AA /* NIBM COVID19 */ = {
			isa = PBXGroup;
			children = (
				E37A08B72507E0A9005844A6 /* Controllers */,
				E37A08BB2507E0E0005844A6 /* Utils */,
				E37A08BA2507E0CD005844A6 /* Services */,
				E37A08B82507E0B7005844A6 /* Model */,
				E37A08B92507E0C6005844A6 /* Views */,
				E39FE19424FA1C620042C1AA /* AppDelegate.swift */,
				E39FE19D24FA1C620042C1AA /* Assets.xcassets */,
				E39FE19F24FA1C620042C1AA /* LaunchScreen.storyboard */,
				E39FE1A224FA1C620042C1AA /* Info.plist */,
				E39FE1C424FA34B10042C1AA /* GoogleService-Info.plist */,
			);
			path = "NIBM COVID19";
			sourceTree = "<group>";
		};
		E39FE1AA24FA1C630042C1AA /* NIBM COVID19Tests */ = {
			isa = PBXGroup;
			children = (
				E39FE1AB24FA1C630042C1AA /* NIBM_COVID19Tests.swift */,
				E39FE1AD24FA1C630042C1AA /* Info.plist */,
			);
			path = "NIBM COVID19Tests";
			sourceTree = "<group>";
		};
		E39FE1B524FA1C630042C1AA /* NIBM COVID19UITests */ = {
			isa = PBXGroup;
			children = (
				E39FE1B624FA1C630042C1AA /* NIBM_COVID19UITests.swift */,
				E39FE1B824FA1C630042C1AA /* Info.plist */,
			);
			path = "NIBM COVID19UITests";
			sourceTree = "<group>";
		};
/* End PBXGroup section */

/* Begin PBXNativeTarget section */
		E39FE19024FA1C620042C1AA /* NIBM COVID19 */ = {
			isa = PBXNativeTarget;
			buildConfigurationList = E39FE1BB24FA1C630042C1AA /* Build configuration list for PBXNativeTarget "NIBM COVID19" */;
			buildPhases = (
				E8032D486867DC64A3579C81 /* [CP] Check Pods Manifest.lock */,
				E39FE18D24FA1C620042C1AA /* Sources */,
				E39FE18E24FA1C620042C1AA /* Frameworks */,
				E39FE18F24FA1C620042C1AA /* Resources */,
				8BF6DD9760C554C61796EDF2 /* [CP] Embed Pods Frameworks */,
			);
			buildRules = (
			);
			dependencies = (
			);
			name = "NIBM COVID19";
			productName = "NIBM COVID19";
			productReference = E39FE19124FA1C620042C1AA /* NIBM COVID19.app */;
			productType = "com.apple.product-type.application";
		};
		E39FE1A624FA1C630042C1AA /* NIBM COVID19Tests */ = {
			isa = PBXNativeTarget;
			buildConfigurationList = E39FE1BE24FA1C630042C1AA /* Build configuration list for PBXNativeTarget "NIBM COVID19Tests" */;
			buildPhases = (
				ADD9089112EC7969213ED50C /* [CP] Check Pods Manifest.lock */,
				E39FE1A324FA1C630042C1AA /* Sources */,
				E39FE1A424FA1C630042C1AA /* Frameworks */,
				E39FE1A524FA1C630042C1AA /* Resources */,
			);
			buildRules = (
			);
			dependencies = (
				E39FE1A924FA1C630042C1AA /* PBXTargetDependency */,
			);
			name = "NIBM COVID19Tests";
			productName = "NIBM COVID19Tests";
			productReference = E39FE1A724FA1C630042C1AA /* NIBM COVID19Tests.xctest */;
			productType = "com.apple.product-type.bundle.unit-test";
		};
		E39FE1B124FA1C630042C1AA /* NIBM COVID19UITests */ = {
			isa = PBXNativeTarget;
			buildConfigurationList = E39FE1C124FA1C630042C1AA /* Build configuration list for PBXNativeTarget "NIBM COVID19UITests" */;
			buildPhases = (
				E80254ACB06C594DE5D0BD1D /* [CP] Check Pods Manifest.lock */,
				E39FE1AE24FA1C630042C1AA /* Sources */,
				E39FE1AF24FA1C630042C1AA /* Frameworks */,
				E39FE1B024FA1C630042C1AA /* Resources */,
				4E1C9BDAEFF38A40C874A61D /* [CP] Embed Pods Frameworks */,
			);
			buildRules = (
			);
			dependencies = (
				E39FE1B424FA1C630042C1AA /* PBXTargetDependency */,
			);
			name = "NIBM COVID19UITests";
			productName = "NIBM COVID19UITests";
			productReference = E39FE1B224FA1C630042C1AA /* NIBM COVID19UITests.xctest */;
			productType = "com.apple.product-type.bundle.ui-testing";
		};
/* End PBXNativeTarget section */

/* Begin PBXProject section */
		E39FE18924FA1C610042C1AA /* Project object */ = {
			isa = PBXProject;
			attributes = {
				LastSwiftUpdateCheck = 1150;
				LastUpgradeCheck = 1150;
				ORGANIZATIONNAME = NIBM;
				TargetAttributes = {
					E39FE19024FA1C620042C1AA = {
						CreatedOnToolsVersion = 11.5;
					};
					E39FE1A624FA1C630042C1AA = {
						CreatedOnToolsVersion = 11.5;
						TestTargetID = E39FE19024FA1C620042C1AA;
					};
					E39FE1B124FA1C630042C1AA = {
						CreatedOnToolsVersion = 11.5;
						TestTargetID = E39FE19024FA1C620042C1AA;
					};
				};
			};
			buildConfigurationList = E39FE18C24FA1C610042C1AA /* Build configuration list for PBXProject "NIBM COVID19" */;
			compatibilityVersion = "Xcode 9.3";
			developmentRegion = en;
			hasScannedForEncodings = 0;
			knownRegions = (
				en,
				Base,
			);
			mainGroup = E39FE18824FA1C610042C1AA;
			productRefGroup = E39FE19224FA1C620042C1AA /* Products */;
			projectDirPath = "";
			projectRoot = "";
			targets = (
				E39FE19024FA1C620042C1AA /* NIBM COVID19 */,
				E39FE1A624FA1C630042C1AA /* NIBM COVID19Tests */,
				E39FE1B124FA1C630042C1AA /* NIBM COVID19UITests */,
			);
		};
/* End PBXProject section */

/* Begin PBXResourcesBuildPhase section */
		E39FE18F24FA1C620042C1AA /* Resources */ = {
			isa = PBXResourcesBuildPhase;
			buildActionMask = 2147483647;
			files = (
				E39FE1A124FA1C620042C1AA /* LaunchScreen.storyboard in Resources */,
				E39FE19E24FA1C620042C1AA /* Assets.xcassets in Resources */,
				E39FE1C524FA34B10042C1AA /* GoogleService-Info.plist in Resources */,
			);
			runOnlyForDeploymentPostprocessing = 0;
		};
		E39FE1A524FA1C630042C1AA /* Resources */ = {
			isa = PBXResourcesBuildPhase;
			buildActionMask = 2147483647;
			files = (
			);
			runOnlyForDeploymentPostprocessing = 0;
		};
		E39FE1B024FA1C630042C1AA /* Resources */ = {
			isa = PBXResourcesBuildPhase;
			buildActionMask = 2147483647;
			files = (
			);
			runOnlyForDeploymentPostprocessing = 0;
		};
/* End PBXResourcesBuildPhase section */

/* Begin PBXShellScriptBuildPhase section */
		4E1C9BDAEFF38A40C874A61D /* [CP] Embed Pods Frameworks */ = {
			isa = PBXShellScriptBuildPhase;
			buildActionMask = 2147483647;
			files = (
			);
			inputFileListPaths = (
				"${PODS_ROOT}/Target Support Files/Pods-NIBM COVID19-NIBM COVID19UITests/Pods-NIBM COVID19-NIBM COVID19UITests-frameworks-${CONFIGURATION}-input-files.xcfilelist",
			);
			name = "[CP] Embed Pods Frameworks";
			outputFileListPaths = (
				"${PODS_ROOT}/Target Support Files/Pods-NIBM COVID19-NIBM COVID19UITests/Pods-NIBM COVID19-NIBM COVID19UITests-frameworks-${CONFIGURATION}-output-files.xcfilelist",
			);
			runOnlyForDeploymentPostprocessing = 0;
			shellPath = /bin/sh;
			shellScript = "\"${PODS_ROOT}/Target Support Files/Pods-NIBM COVID19-NIBM COVID19UITests/Pods-NIBM COVID19-NIBM COVID19UITests-frameworks.sh\"\n";
			showEnvVarsInLog = 0;
		};
		8BF6DD9760C554C61796EDF2 /* [CP] Embed Pods Frameworks */ = {
			isa = PBXShellScriptBuildPhase;
			buildActionMask = 2147483647;
			files = (
			);
			inputFileListPaths = (
				"${PODS_ROOT}/Target Support Files/Pods-NIBM COVID19/Pods-NIBM COVID19-frameworks-${CONFIGURATION}-input-files.xcfilelist",
			);
			name = "[CP] Embed Pods Frameworks";
			outputFileListPaths = (
				"${PODS_ROOT}/Target Support Files/Pods-NIBM COVID19/Pods-NIBM COVID19-frameworks-${CONFIGURATION}-output-files.xcfilelist",
			);
			runOnlyForDeploymentPostprocessing = 0;
			shellPath = /bin/sh;
			shellScript = "\"${PODS_ROOT}/Target Support Files/Pods-NIBM COVID19/Pods-NIBM COVID19-frameworks.sh\"\n";
			showEnvVarsInLog = 0;
		};
		ADD9089112EC7969213ED50C /* [CP] Check Pods Manifest.lock */ = {
			isa = PBXShellScriptBuildPhase;
			buildActionMask = 2147483647;
			files = (
			);
			inputFileListPaths = (
			);
			inputPaths = (
				"${PODS_PODFILE_DIR_PATH}/Podfile.lock",
				"${PODS_ROOT}/Manifest.lock",
			);
			name = "[CP] Check Pods Manifest.lock";
			outputFileListPaths = (
			);
			outputPaths = (
				"$(DERIVED_FILE_DIR)/Pods-NIBM COVID19Tests-checkManifestLockResult.txt",
			);
			runOnlyForDeploymentPostprocessing = 0;
			shellPath = /bin/sh;
			shellScript = "diff \"${PODS_PODFILE_DIR_PATH}/Podfile.lock\" \"${PODS_ROOT}/Manifest.lock\" > /dev/null\nif [ $? != 0 ] ; then\n    # print error to STDERR\n    echo \"error: The sandbox is not in sync with the Podfile.lock. Run 'pod install' or update your CocoaPods installation.\" >&2\n    exit 1\nfi\n# This output is used by Xcode 'outputs' to avoid re-running this script phase.\necho \"SUCCESS\" > \"${SCRIPT_OUTPUT_FILE_0}\"\n";
			showEnvVarsInLog = 0;
		};
		E80254ACB06C594DE5D0BD1D /* [CP] Check Pods Manifest.lock */ = {
			isa = PBXShellScriptBuildPhase;
			buildActionMask = 2147483647;
			files = (
			);
			inputFileListPaths = (
			);
			inputPaths = (
				"${PODS_PODFILE_DIR_PATH}/Podfile.lock",
				"${PODS_ROOT}/Manifest.lock",
			);
			name = "[CP] Check Pods Manifest.lock";
			outputFileListPaths = (
			);
			outputPaths = (
				"$(DERIVED_FILE_DIR)/Pods-NIBM COVID19-NIBM COVID19UITests-checkManifestLockResult.txt",
			);
			runOnlyForDeploymentPostprocessing = 0;
			shellPath = /bin/sh;
			shellScript = "diff \"${PODS_PODFILE_DIR_PATH}/Podfile.lock\" \"${PODS_ROOT}/Manifest.lock\" > /dev/null\nif [ $? != 0 ] ; then\n    # print error to STDERR\n    echo \"error: The sandbox is not in sync with the Podfile.lock. Run 'pod install' or update your CocoaPods installation.\" >&2\n    exit 1\nfi\n# This output is used by Xcode 'outputs' to avoid re-running this script phase.\necho \"SUCCESS\" > \"${SCRIPT_OUTPUT_FILE_0}\"\n";
			showEnvVarsInLog = 0;
		};
		E8032D486867DC64A3579C81 /* [CP] Check Pods Manifest.lock */ = {
			isa = PBXShellScriptBuildPhase;
			buildActionMask = 2147483647;
			files = (
			);
			inputFileListPaths = (
			);
			inputPaths = (
				"${PODS_PODFILE_DIR_PATH}/Podfile.lock",
				"${PODS_ROOT}/Manifest.lock",
			);
			name = "[CP] Check Pods Manifest.lock";
			outputFileListPaths = (
			);
			outputPaths = (
				"$(DERIVED_FILE_DIR)/Pods-NIBM COVID19-checkManifestLockResult.txt",
			);
			runOnlyForDeploymentPostprocessing = 0;
			shellPath = /bin/sh;
			shellScript = "diff \"${PODS_PODFILE_DIR_PATH}/Podfile.lock\" \"${PODS_ROOT}/Manifest.lock\" > /dev/null\nif [ $? != 0 ] ; then\n    # print error to STDERR\n    echo \"error: The sandbox is not in sync with the Podfile.lock. Run 'pod install' or update your CocoaPods installation.\" >&2\n    exit 1\nfi\n# This output is used by Xcode 'outputs' to avoid re-running this script phase.\necho \"SUCCESS\" > \"${SCRIPT_OUTPUT_FILE_0}\"\n";
			showEnvVarsInLog = 0;
		};
/* End PBXShellScriptBuildPhase section */

/* Begin PBXSourcesBuildPhase section */
		E39FE18D24FA1C620042C1AA /* Sources */ = {
			isa = PBXSourcesBuildPhase;
			buildActionMask = 2147483647;
			files = (
				E345B82C2510843000BC5C00 /* CSurveyViewController.swift in Sources */,
				E343EDBC251223C900EF683E /* Service.swift in Sources */,
				E345B8282510839700BC5C00 /* GSafeActionViewController.swift in Sources */,
				E345B8222510833A00BC5C00 /* DSafeActionViewController.swift in Sources */,
				E37A08BF2507E902005844A6 /* Extensions.swift in Sources */,
				E343EDBE2512242600EF683E /* User.swift in Sources */,
				E35598DE250FEB2200DBB85D /* createNotificationViewController.swift in Sources */,
				E346DEAC250E6CC700CDFBBF /* notificationViewController.swift in Sources */,
				E346DEAE250E8C6E00CDFBBF /* updateViewController.swift in Sources */,
				E35598E4250FF47500DBB85D /* ASurveyViewController.swift in Sources */,
				E343EDC82512664C00EF683E /* LocationInputActivationUIView.swift in Sources */,
				E345B832251095B700BC5C00 /* MapViewController.swift in Sources */,
				E348F22E250CEAFF00E9C589 /* homeViewController.swift in Sources */,
				E345B8242510836300BC5C00 /* ESafeActionViewController.swift in Sources */,
				E345B8262510837D00BC5C00 /* FSafeActionViewController.swift in Sources */,
				E3A02EE7250DEB1C006A8261 /* settingViewController.swift in Sources */,
				E343EDCC2512691B00EF683E /* UserAnnotation.swift in Sources */,
				E35598E6250FF4EE00DBB85D /* ASafeActionViewController.swift in Sources */,
				E343EDCE25127D0000EF683E /* LocationTableViewCell.swift in Sources */,
				E35598E8250FF86800DBB85D /* BSafeActionViewController.swift in Sources */,
				E35598EA2510012A00DBB85D /* CSafeActionViewController.swift in Sources */,
				E345B82E2510845C00BC5C00 /* DSurveyViewController.swift in Sources */,
				E343EDC225125B9C00EF683E /* LocationInputView.swift in Sources */,
				E343EDC02512246600EF683E /* LocationHandler.swift in Sources */,
				E35598D6250F9BC700DBB85D /* profileViewController.swift in Sources */,
				E345B82A251083E000BC5C00 /* BSurveyViewController.swift in Sources */,
				E35598D8250F9BED00DBB85D /* contactUsViewController.swift in Sources */,
				E346416B250BDF2100B4A548 /* signUpViewController.swift in Sources */,
				E39FE19524FA1C620042C1AA /* AppDelegate.swift in Sources */,
				E348F22C250CA88C00E9C589 /* AuthButtonUIButton.swift in Sources */,
				E346416D250BE19800B4A548 /* loginViewController.swift in Sources */,
				E35598DA250F9C0900DBB85D /* shareViewController.swift in Sources */,
			);
			runOnlyForDeploymentPostprocessing = 0;
		};
		E39FE1A324FA1C630042C1AA /* Sources */ = {
			isa = PBXSourcesBuildPhase;
			buildActionMask = 2147483647;
			files = (
				E39FE1AC24FA1C630042C1AA /* NIBM_COVID19Tests.swift in Sources */,
			);
			runOnlyForDeploymentPostprocessing = 0;
		};
		E39FE1AE24FA1C630042C1AA /* Sources */ = {
			isa = PBXSourcesBuildPhase;
			buildActionMask = 2147483647;
			files = (
				E39FE1B724FA1C630042C1AA /* NIBM_COVID19UITests.swift in Sources */,
			);
			runOnlyForDeploymentPostprocessing = 0;
		};
/* End PBXSourcesBuildPhase section */

/* Begin PBXTargetDependency section */
		E39FE1A924FA1C630042C1AA /* PBXTargetDependency */ = {
			isa = PBXTargetDependency;
			target = E39FE19024FA1C620042C1AA /* NIBM COVID19 */;
			targetProxy = E39FE1A824FA1C630042C1AA /* PBXContainerItemProxy */;
		};
		E39FE1B424FA1C630042C1AA /* PBXTargetDependency */ = {
			isa = PBXTargetDependency;
			target = E39FE19024FA1C620042C1AA /* NIBM COVID19 */;
			targetProxy = E39FE1B324FA1C630042C1AA /* PBXContainerItemProxy */;
		};
/* End PBXTargetDependency section */

/* Begin PBXVariantGroup section */
		E39FE19F24FA1C620042C1AA /* LaunchScreen.storyboard */ = {
			isa = PBXVariantGroup;
			children = (
				E39FE1A024FA1C620042C1AA /* Base */,
			);
			name = LaunchScreen.storyboard;
			sourceTree = "<group>";
		};
/* End PBXVariantGroup section */

/* Begin XCBuildConfiguration section */
		E39FE1B924FA1C630042C1AA /* Debug */ = {
			isa = XCBuildConfiguration;
			buildSettings = {
				ALWAYS_SEARCH_USER_PATHS = NO;
				CLANG_ANALYZER_NONNULL = YES;
				CLANG_ANALYZER_NUMBER_OBJECT_CONVERSION = YES_AGGRESSIVE;
				CLANG_CXX_LANGUAGE_STANDARD = "gnu++14";
				CLANG_CXX_LIBRARY = "libc++";
				CLANG_ENABLE_MODULES = YES;
				CLANG_ENABLE_OBJC_ARC = YES;
				CLANG_ENABLE_OBJC_WEAK = YES;
				CLANG_WARN_BLOCK_CAPTURE_AUTORELEASING = YES;
				CLANG_WARN_BOOL_CONVERSION = YES;
				CLANG_WARN_COMMA = YES;
				CLANG_WARN_CONSTANT_CONVERSION = YES;
				CLANG_WARN_DEPRECATED_OBJC_IMPLEMENTATIONS = YES;
				CLANG_WARN_DIRECT_OBJC_ISA_USAGE = YES_ERROR;
				CLANG_WARN_DOCUMENTATION_COMMENTS = YES;
				CLANG_WARN_EMPTY_BODY = YES;
				CLANG_WARN_ENUM_CONVERSION = YES;
				CLANG_WARN_INFINITE_RECURSION = YES;
				CLANG_WARN_INT_CONVERSION = YES;
				CLANG_WARN_NON_LITERAL_NULL_CONVERSION = YES;
				CLANG_WARN_OBJC_IMPLICIT_RETAIN_SELF = YES;
				CLANG_WARN_OBJC_LITERAL_CONVERSION = YES;
				CLANG_WARN_OBJC_ROOT_CLASS = YES_ERROR;
				CLANG_WARN_RANGE_LOOP_ANALYSIS = YES;
				CLANG_WARN_STRICT_PROTOTYPES = YES;
				CLANG_WARN_SUSPICIOUS_MOVE = YES;
				CLANG_WARN_UNGUARDED_AVAILABILITY = YES_AGGRESSIVE;
				CLANG_WARN_UNREACHABLE_CODE = YES;
				CLANG_WARN__DUPLICATE_METHOD_MATCH = YES;
				COPY_PHASE_STRIP = NO;
				DEBUG_INFORMATION_FORMAT = dwarf;
				ENABLE_STRICT_OBJC_MSGSEND = YES;
				ENABLE_TESTABILITY = YES;
				GCC_C_LANGUAGE_STANDARD = gnu11;
				GCC_DYNAMIC_NO_PIC = NO;
				GCC_NO_COMMON_BLOCKS = YES;
				GCC_OPTIMIZATION_LEVEL = 0;
				GCC_PREPROCESSOR_DEFINITIONS = (
					"DEBUG=1",
					"$(inherited)",
				);
				GCC_WARN_64_TO_32_BIT_CONVERSION = YES;
				GCC_WARN_ABOUT_RETURN_TYPE = YES_ERROR;
				GCC_WARN_UNDECLARED_SELECTOR = YES;
				GCC_WARN_UNINITIALIZED_AUTOS = YES_AGGRESSIVE;
				GCC_WARN_UNUSED_FUNCTION = YES;
				GCC_WARN_UNUSED_VARIABLE = YES;
				IPHONEOS_DEPLOYMENT_TARGET = 13.5;
				MTL_ENABLE_DEBUG_INFO = INCLUDE_SOURCE;
				MTL_FAST_MATH = YES;
				ONLY_ACTIVE_ARCH = YES;
				SDKROOT = iphoneos;
				SWIFT_ACTIVE_COMPILATION_CONDITIONS = DEBUG;
				SWIFT_OPTIMIZATION_LEVEL = "-Onone";
			};
			name = Debug;
		};
		E39FE1BA24FA1C630042C1AA /* Release */ = {
			isa = XCBuildConfiguration;
			buildSettings = {
				ALWAYS_SEARCH_USER_PATHS = NO;
				CLANG_ANALYZER_NONNULL = YES;
				CLANG_ANALYZER_NUMBER_OBJECT_CONVERSION = YES_AGGRESSIVE;
				CLANG_CXX_LANGUAGE_STANDARD = "gnu++14";
				CLANG_CXX_LIBRARY = "libc++";
				CLANG_ENABLE_MODULES = YES;
				CLANG_ENABLE_OBJC_ARC = YES;
				CLANG_ENABLE_OBJC_WEAK = YES;
				CLANG_WARN_BLOCK_CAPTURE_AUTORELEASING = YES;
				CLANG_WARN_BOOL_CONVERSION = YES;
				CLANG_WARN_COMMA = YES;
				CLANG_WARN_CONSTANT_CONVERSION = YES;
				CLANG_WARN_DEPRECATED_OBJC_IMPLEMENTATIONS = YES;
				CLANG_WARN_DIRECT_OBJC_ISA_USAGE = YES_ERROR;
				CLANG_WARN_DOCUMENTATION_COMMENTS = YES;
				CLANG_WARN_EMPTY_BODY = YES;
				CLANG_WARN_ENUM_CONVERSION = YES;
				CLANG_WARN_INFINITE_RECURSION = YES;
				CLANG_WARN_INT_CONVERSION = YES;
				CLANG_WARN_NON_LITERAL_NULL_CONVERSION = YES;
				CLANG_WARN_OBJC_IMPLICIT_RETAIN_SELF = YES;
				CLANG_WARN_OBJC_LITERAL_CONVERSION = YES;
				CLANG_WARN_OBJC_ROOT_CLASS = YES_ERROR;
				CLANG_WARN_RANGE_LOOP_ANALYSIS = YES;
				CLANG_WARN_STRICT_PROTOTYPES = YES;
				CLANG_WARN_SUSPICIOUS_MOVE = YES;
				CLANG_WARN_UNGUARDED_AVAILABILITY = YES_AGGRESSIVE;
				CLANG_WARN_UNREACHABLE_CODE = YES;
				CLANG_WARN__DUPLICATE_METHOD_MATCH = YES;
				COPY_PHASE_STRIP = NO;
				DEBUG_INFORMATION_FORMAT = "dwarf-with-dsym";
				ENABLE_NS_ASSERTIONS = NO;
				ENABLE_STRICT_OBJC_MSGSEND = YES;
				GCC_C_LANGUAGE_STANDARD = gnu11;
				GCC_NO_COMMON_BLOCKS = YES;
				GCC_WARN_64_TO_32_BIT_CONVERSION = YES;
				GCC_WARN_ABOUT_RETURN_TYPE = YES_ERROR;
				GCC_WARN_UNDECLARED_SELECTOR = YES;
				GCC_WARN_UNINITIALIZED_AUTOS = YES_AGGRESSIVE;
				GCC_WARN_UNUSED_FUNCTION = YES;
				GCC_WARN_UNUSED_VARIABLE = YES;
				IPHONEOS_DEPLOYMENT_TARGET = 13.5;
				MTL_ENABLE_DEBUG_INFO = NO;
				MTL_FAST_MATH = YES;
				SDKROOT = iphoneos;
				SWIFT_COMPILATION_MODE = wholemodule;
				SWIFT_OPTIMIZATION_LEVEL = "-O";
				VALIDATE_PRODUCT = YES;
			};
			name = Release;
		};
		E39FE1BC24FA1C630042C1AA /* Debug */ = {
			isa = XCBuildConfiguration;
			baseConfigurationReference = B847C628C35D2A2DF855DF2B /* Pods-NIBM COVID19.debug.xcconfig */;
			buildSettings = {
				ASSETCATALOG_COMPILER_APPICON_NAME = AppIcon;
				CODE_SIGN_STYLE = Automatic;
				DEVELOPMENT_TEAM = ANGF2U7L7N;
				INFOPLIST_FILE = "NIBM COVID19/Info.plist";
				LD_RUNPATH_SEARCH_PATHS = (
					"$(inherited)",
					"@executable_path/Frameworks",
				);
				PRODUCT_BUNDLE_IDENTIFIER = "Dilshan-COBSCCOMP191P-045.NIBM-COVID19";
				PRODUCT_NAME = "$(TARGET_NAME)";
				SWIFT_VERSION = 5.0;
				TARGETED_DEVICE_FAMILY = "1,2";
			};
			name = Debug;
		};
		E39FE1BD24FA1C630042C1AA /* Release */ = {
			isa = XCBuildConfiguration;
			baseConfigurationReference = 3763ECD24EA6D32F1892C73A /* Pods-NIBM COVID19.release.xcconfig */;
			buildSettings = {
				ASSETCATALOG_COMPILER_APPICON_NAME = AppIcon;
				CODE_SIGN_STYLE = Automatic;
				DEVELOPMENT_TEAM = ANGF2U7L7N;
				INFOPLIST_FILE = "NIBM COVID19/Info.plist";
				LD_RUNPATH_SEARCH_PATHS = (
					"$(inherited)",
					"@executable_path/Frameworks",
				);
				PRODUCT_BUNDLE_IDENTIFIER = "Dilshan-COBSCCOMP191P-045.NIBM-COVID19";
				PRODUCT_NAME = "$(TARGET_NAME)";
				SWIFT_VERSION = 5.0;
				TARGETED_DEVICE_FAMILY = "1,2";
			};
			name = Release;
		};
		E39FE1BF24FA1C630042C1AA /* Debug */ = {
			isa = XCBuildConfiguration;
			baseConfigurationReference = A2D1835A6AB0AAF84F9FFCE0 /* Pods-NIBM COVID19Tests.debug.xcconfig */;
			buildSettings = {
				ALWAYS_EMBED_SWIFT_STANDARD_LIBRARIES = YES;
				BUNDLE_LOADER = "$(TEST_HOST)";
				CODE_SIGN_STYLE = Automatic;
				DEVELOPMENT_TEAM = ANGF2U7L7N;
				INFOPLIST_FILE = "NIBM COVID19Tests/Info.plist";
				IPHONEOS_DEPLOYMENT_TARGET = 13.5;
				LD_RUNPATH_SEARCH_PATHS = (
					"$(inherited)",
					"@executable_path/Frameworks",
					"@loader_path/Frameworks",
				);
				PRODUCT_BUNDLE_IDENTIFIER = "Dilshan-COBSCCOMP191P-045.NIBM-COVID19Tests";
				PRODUCT_NAME = "$(TARGET_NAME)";
				SWIFT_VERSION = 5.0;
				TARGETED_DEVICE_FAMILY = "1,2";
				TEST_HOST = "$(BUILT_PRODUCTS_DIR)/NIBM COVID19.app/NIBM COVID19";
			};
			name = Debug;
		};
		E39FE1C024FA1C630042C1AA /* Release */ = {
			isa = XCBuildConfiguration;
			baseConfigurationReference = 391309DD95720ED3F134FD97 /* Pods-NIBM COVID19Tests.release.xcconfig */;
			buildSettings = {
				ALWAYS_EMBED_SWIFT_STANDARD_LIBRARIES = YES;
				BUNDLE_LOADER = "$(TEST_HOST)";
				CODE_SIGN_STYLE = Automatic;
				DEVELOPMENT_TEAM = ANGF2U7L7N;
				INFOPLIST_FILE = "NIBM COVID19Tests/Info.plist";
				IPHONEOS_DEPLOYMENT_TARGET = 13.5;
				LD_RUNPATH_SEARCH_PATHS = (
					"$(inherited)",
					"@executable_path/Frameworks",
					"@loader_path/Frameworks",
				);
				PRODUCT_BUNDLE_IDENTIFIER = "Dilshan-COBSCCOMP191P-045.NIBM-COVID19Tests";
				PRODUCT_NAME = "$(TARGET_NAME)";
				SWIFT_VERSION = 5.0;
				TARGETED_DEVICE_FAMILY = "1,2";
				TEST_HOST = "$(BUILT_PRODUCTS_DIR)/NIBM COVID19.app/NIBM COVID19";
			};
			name = Release;
		};
		E39FE1C224FA1C630042C1AA /* Debug */ = {
			isa = XCBuildConfiguration;
			baseConfigurationReference = 59AC7A038F21EE63101D3540 /* Pods-NIBM COVID19-NIBM COVID19UITests.debug.xcconfig */;
			buildSettings = {
				ALWAYS_EMBED_SWIFT_STANDARD_LIBRARIES = YES;
				CODE_SIGN_STYLE = Automatic;
				DEVELOPMENT_TEAM = ANGF2U7L7N;
				INFOPLIST_FILE = "NIBM COVID19UITests/Info.plist";
				LD_RUNPATH_SEARCH_PATHS = (
					"$(inherited)",
					"@executable_path/Frameworks",
					"@loader_path/Frameworks",
				);
				PRODUCT_BUNDLE_IDENTIFIER = "Dilshan-COBSCCOMP191P-045.NIBM-COVID19UITests";
				PRODUCT_NAME = "$(TARGET_NAME)";
				SWIFT_VERSION = 5.0;
				TARGETED_DEVICE_FAMILY = "1,2";
				TEST_TARGET_NAME = "NIBM COVID19";
			};
			name = Debug;
		};
		E39FE1C324FA1C630042C1AA /* Release */ = {
			isa = XCBuildConfiguration;
			baseConfigurationReference = F86CA8BD2845DDF6F0727644 /* Pods-NIBM COVID19-NIBM COVID19UITests.release.xcconfig */;
			buildSettings = {
				ALWAYS_EMBED_SWIFT_STANDARD_LIBRARIES = YES;
				CODE_SIGN_STYLE = Automatic;
				DEVELOPMENT_TEAM = ANGF2U7L7N;
				INFOPLIST_FILE = "NIBM COVID19UITests/Info.plist";
				LD_RUNPATH_SEARCH_PATHS = (
					"$(inherited)",
					"@executable_path/Frameworks",
					"@loader_path/Frameworks",
				);
				PRODUCT_BUNDLE_IDENTIFIER = "Dilshan-COBSCCOMP191P-045.NIBM-COVID19UITests";
				PRODUCT_NAME = "$(TARGET_NAME)";
				SWIFT_VERSION = 5.0;
				TARGETED_DEVICE_FAMILY = "1,2";
				TEST_TARGET_NAME = "NIBM COVID19";
			};
			name = Release;
		};
/* End XCBuildConfiguration section */

/* Begin XCConfigurationList section */
		E39FE18C24FA1C610042C1AA /* Build configuration list for PBXProject "NIBM COVID19" */ = {
			isa = XCConfigurationList;
			buildConfigurations = (
				E39FE1B924FA1C630042C1AA /* Debug */,
				E39FE1BA24FA1C630042C1AA /* Release */,
			);
			defaultConfigurationIsVisible = 0;
			defaultConfigurationName = Release;
		};
		E39FE1BB24FA1C630042C1AA /* Build configuration list for PBXNativeTarget "NIBM COVID19" */ = {
			isa = XCConfigurationList;
			buildConfigurations = (
				E39FE1BC24FA1C630042C1AA /* Debug */,
				E39FE1BD24FA1C630042C1AA /* Release */,
			);
			defaultConfigurationIsVisible = 0;
			defaultConfigurationName = Release;
		};
		E39FE1BE24FA1C630042C1AA /* Build configuration list for PBXNativeTarget "NIBM COVID19Tests" */ = {
			isa = XCConfigurationList;
			buildConfigurations = (
				E39FE1BF24FA1C630042C1AA /* Debug */,
				E39FE1C024FA1C630042C1AA /* Release */,
			);
			defaultConfigurationIsVisible = 0;
			defaultConfigurationName = Release;
		};
		E39FE1C124FA1C630042C1AA /* Build configuration list for PBXNativeTarget "NIBM COVID19UITests" */ = {
			isa = XCConfigurationList;
			buildConfigurations = (
				E39FE1C224FA1C630042C1AA /* Debug */,
				E39FE1C324FA1C630042C1AA /* Release */,
			);
			defaultConfigurationIsVisible = 0;
			defaultConfigurationName = Release;
		};
/* End XCConfigurationList section */
	};
	rootObject = E39FE18924FA1C610042C1AA /* Project object */;
}
